
Microsoft Visual Studio Solution File, Format Version 12.00
# Visual Studio Version 17
VisualStudioVersion = 17.3.32929.385
MinimumVisualStudioVersion = 10.0.40219.1
Project("{FAE04EC0-301F-11D3-BF4B-00C04F79EFBC}") = "AWebAPIPractice", "WebAPIPractice\AWebAPIPractice.csproj", "{7DC28C61-1C29-4F49-84FB-873C9B7F00BD}"
EndProject
Project("{FAE04EC0-301F-11D3-BF4B-00C04F79EFBC}") = "Contracts", "Contracts\Contracts.csproj", "{6D811E5C-97ED-4FDA-B17C-67B0E285E379}"
EndProject
Project("{FAE04EC0-301F-11D3-BF4B-00C04F79EFBC}") = "LoggerService", "LoggerService\LoggerService.csproj", "{90EF887C-C48D-4EC1-945A-68576EDE9F9A}"
EndProject
Project("{FAE04EC0-301F-11D3-BF4B-00C04F79EFBC}") = "Entities", "Entities\Entities.csproj", "{87AA9B3F-49E2-4B25-90E2-6A9A2F72FC60}"
EndProject
Project("{FAE04EC0-301F-11D3-BF4B-00C04F79EFBC}") = "Repository", "Repository\Repository.csproj", "{ADB7D129-1F94-41B2-B834-2ACD510D26F8}"
EndProject
Global
	GlobalSection(SolutionConfigurationPlatforms) = preSolution
		Debug|Any CPU = Debug|Any CPU
		Release|Any CPU = Release|Any CPU
	EndGlobalSection
	GlobalSection(ProjectConfigurationPlatforms) = postSolution
		{7DC28C61-1C29-4F49-84FB-873C9B7F00BD}.Debug|Any CPU.ActiveCfg = Debug|Any CPU
		{7DC28C61-1C29-4F49-84FB-873C9B7F00BD}.Debug|Any CPU.Build.0 = Debug|Any CPU
		{7DC28C61-1C29-4F49-84FB-873C9B7F00BD}.Release|Any CPU.ActiveCfg = Release|Any CPU
		{7DC28C61-1C29-4F49-84FB-873C9B7F00BD}.Release|Any CPU.Build.0 = Release|Any CPU
		{6D811E5C-97ED-4FDA-B17C-67B0E285E379}.Debug|Any CPU.ActiveCfg = Debug|Any CPU
		{6D811E5C-97ED-4FDA-B17C-67B0E285E379}.Debug|Any CPU.Build.0 = Debug|Any CPU
		{6D811E5C-97ED-4FDA-B17C-67B0E285E379}.Release|Any CPU.ActiveCfg = Release|Any CPU
		{6D811E5C-97ED-4FDA-B17C-67B0E285E379}.Release|Any CPU.Build.0 = Release|Any CPU
		{90EF887C-C48D-4EC1-945A-68576EDE9F9A}.Debug|Any CPU.ActiveCfg = Debug|Any CPU
		{90EF887C-C48D-4EC1-945A-68576EDE9F9A}.Debug|Any CPU.Build.0 = Debug|Any CPU
		{90EF887C-C48D-4EC1-945A-68576EDE9F9A}.Release|Any CPU.ActiveCfg = Release|Any CPU
		{90EF887C-C48D-4EC1-945A-68576EDE9F9A}.Release|Any CPU.Build.0 = Release|Any CPU
		{87AA9B3F-49E2-4B25-90E2-6A9A2F72FC60}.Debug|Any CPU.ActiveCfg = Debug|Any CPU
		{87AA9B3F-49E2-4B25-90E2-6A9A2F72FC60}.Debug|Any CPU.Build.0 = Debug|Any CPU
		{87AA9B3F-49E2-4B25-90E2-6A9A2F72FC60}.Release|Any CPU.ActiveCfg = Release|Any CPU
		{87AA9B3F-49E2-4B25-90E2-6A9A2F72FC60}.Release|Any CPU.Build.0 = Release|Any CPU
		{ADB7D129-1F94-41B2-B834-2ACD510D26F8}.Debug|Any CPU.ActiveCfg = Debug|Any CPU
		{ADB7D129-1F94-41B2-B834-2ACD510D26F8}.Debug|Any CPU.Build.0 = Debug|Any CPU
		{ADB7D129-1F94-41B2-B834-2ACD510D26F8}.Release|Any CPU.ActiveCfg = Release|Any CPU
		{ADB7D129-1F94-41B2-B834-2ACD510D26F8}.Release|Any CPU.Build.0 = Release|Any CPU
	EndGlobalSection
	GlobalSection(SolutionProperties) = preSolution
		HideSolutionNode = FALSE
	EndGlobalSection
	GlobalSection(ExtensibilityGlobals) = postSolution
		SolutionGuid = {A6AD17F5-DC7B-49F2-928B-A4CF0E25A67E}
	EndGlobalSection
EndGlobal
